{
  "checklist-parser": {
    "hash": "sha256:7d6a01566202d88728fed736d76edfe69cf15095d55917a65cbcda1e74c65ea0",
    "approved_at": "2026-04-23T06:19:12.798Z",
    "reason": "v6.5.0 release 초기 승인 — Contract Layer v1 baseline"
  },
  "contract-hash": {
    "hash": "sha256:ca25f6b1091bafe768f7698174cb21b21a04185f42aadd09877a75087e6aa8fe",
    "approved_at": "2026-04-23T06:19:12.800Z",
    "reason": "v6.5.0 release 초기 승인 — Contract Layer v1 baseline"
  },
  "contract-lock": {
    "hash": "sha256:af24ed1bcce1579badced5e4ff2ac48349fa7c53eb7fa0ad8b7fa7a2d5dc3c29",
    "approved_at": "2026-04-23T06:19:12.800Z",
    "reason": "v6.5.0 release 초기 승인 — Contract Layer v1 baseline"
  },
  "contract-manifest": {
    "hash": "sha256:d640b1f4a4e4851f5c7f101915f906b9621d711731e91d6016fd1cbdd54cbc4d",
    "approved_at": "2026-04-23T06:19:12.801Z",
    "reason": "v6.5.0 release 초기 승인 — Contract Layer v1 baseline"
  },
  "contract-parser": {
    "hash": "sha256:60195e3757c657fdf06005c13abd10f18dc8bca255e2f94a4c3f18d024ca2d96",
    "approved_at": "2026-04-23T06:19:12.801Z",
    "reason": "v6.5.0 release 초기 승인 — Contract Layer v1 baseline"
  },
  "contract-validator": {
    "hash": "sha256:34202d41c54056b79695a1087158dc4c7198bbf1c1f7498f06203b5771e7dd92",
    "approved_at": "2026-04-23T06:19:12.801Z",
    "reason": "v6.5.0 release 초기 승인 — Contract Layer v1 baseline"
  },
  "sivs-enforcer": {
    "hash": "sha256:d2c89de2675b2d4ba78943caafd3c157745e4811f0b8ac9fd22aa6e7f768647f",
    "approved_at": "2026-04-23T06:19:12.802Z",
    "reason": "v6.5.0 release 초기 승인 — Contract Layer v1 baseline"
  },
  "comment-checker": {
    "hash": "sha256:b0a71f609a4da3ba49f94cfaf3bcdda301ef9a7462d3f94919b7e26b9077e72b",
    "approved_at": "2026-04-23T06:54:31.467Z",
    "reason": "Initial contract for Qcode-run-task Step 4.8 (Comment Coverage Gate) — covers 13-language regex-based doc comment detection"
  },
  "regression-gate": {
    "hash": "sha256:b2a0c579b264d4d29757d5eff546a083e72ad39b4d084345848eb3e160660456",
    "approved_at": "2026-04-23T06:59:50.666Z",
    "reason": "v6.5.0 Contract Layer Tier 1 dogfooding — 코어 런타임 모듈 계약화 (Qcode-run-task 게이트 관련)"
  },
  "config": {
    "hash": "sha256:c5ac8668c5997f2463066dec6cd45e4c788a52d2af435f5ab2306220160151e8",
    "approved_at": "2026-04-23T06:59:50.667Z",
    "reason": "v6.5.0 Contract Layer Tier 1 dogfooding — 코어 런타임 모듈 계약화 (Qcode-run-task 게이트 관련)"
  },
  "codex-poll-watcher": {
    "hash": "sha256:c5da342cf55c944cd6888a78fcd1ee2b041004e1fce2613afea2de03c8913dfe",
    "approved_at": "2026-04-23T06:59:50.668Z",
    "reason": "v6.5.0 Contract Layer Tier 1 dogfooding — 코어 런타임 모듈 계약화 (Qcode-run-task 게이트 관련)"
  }
}
